
Microsoft Visual Studio Solution File, Format Version 12.00
# Visual Studio Version 17
VisualStudioVersion = 17.1.32421.90
MinimumVisualStudioVersion = 10.0.40219.1
Project("{FAE04EC0-301F-11D3-BF4B-00C04F79EFBC}") = "Fifteen", "Fifteen\Fifteen.csproj", "{C74E6272-0CEC-4676-8125-BFD4F930D937}"
EndProject
Global
	GlobalSection(SolutionConfigurationPlatforms) = preSolution
		Debug|Any CPU = Debug|Any CPU
		Release|Any CPU = Release|Any CPU
	EndGlobalSection
	GlobalSection(ProjectConfigurationPlatforms) = postSolution
		{C74E6272-0CEC-4676-8125-BFD4F930D937}.Debug|Any CPU.ActiveCfg = Debug|Any CPU
		{C74E6272-0CEC-4676-8125-BFD4F930D937}.Debug|Any CPU.Build.0 = Debug|Any CPU
		{C74E6272-0CEC-4676-8125-BFD4F930D937}.Release|Any CPU.ActiveCfg = Release|Any CPU
		{C74E6272-0CEC-4676-8125-BFD4F930D937}.Release|Any CPU.Build.0 = Release|Any CPU
	EndGlobalSection
	GlobalSection(SolutionProperties) = preSolution
		HideSolutionNode = FALSE
	EndGlobalSection
	GlobalSection(ExtensibilityGlobals) = postSolution
		SolutionGuid = {F1BF29A9-CD2F-499D-906C-3138CDD92BB0}
	EndGlobalSection
EndGlobal
